
Microsoft Visual Studio Solution File, Format Version 12.00
# Visual Studio Version 17
VisualStudioVersion = 17.1.32210.238
MinimumVisualStudioVersion = 10.0.40219.1
Project("{FAE04EC0-301F-11D3-BF4B-00C04F79EFBC}") = "DockerTest", "DockerTest\DockerTest.csproj", "{BE5A4C17-2258-4237-98B7-5EE906D18C4C}"
EndProject
Global
	GlobalSection(SolutionConfigurationPlatforms) = preSolution
		Debug|Any CPU = Debug|Any CPU
		Release|Any CPU = Release|Any CPU
	EndGlobalSection
	GlobalSection(ProjectConfigurationPlatforms) = postSolution
		{BE5A4C17-2258-4237-98B7-5EE906D18C4C}.Debug|Any CPU.ActiveCfg = Debug|Any CPU
		{BE5A4C17-2258-4237-98B7-5EE906D18C4C}.Debug|Any CPU.Build.0 = Debug|Any CPU
		{BE5A4C17-2258-4237-98B7-5EE906D18C4C}.Release|Any CPU.ActiveCfg = Release|Any CPU
		{BE5A4C17-2258-4237-98B7-5EE906D18C4C}.Release|Any CPU.Build.0 = Release|Any CPU
	EndGlobalSection
	GlobalSection(SolutionProperties) = preSolution
		HideSolutionNode = FALSE
	EndGlobalSection
	GlobalSection(ExtensibilityGlobals) = postSolution
		SolutionGuid = {AF04F075-A481-4AA7-B96C-A6C4066AA6F2}
	EndGlobalSection
EndGlobal
